Microsoft Visual Studio Solution File, Format Version 12.00
# Visual Studio Version 17
VisualStudioVersion = 17.0.31903.59
MinimumVisualStudioVersion = 10.0.40219.1
Project("{FAE04EC0-301F-11D3-BF4B-00C04F79EFBC}") = "Nucleus.Clips", "services\clips\api\Nucleus.Clips.csproj", "{E204FC81-CC60-44F8-B71F-14A0934E86DC}"
EndProject
Project("{FAE04EC0-301F-11D3-BF4B-00C04F79EFBC}") = "Nucleus.Minecraft", "services\minecraft\api\Nucleus.Minecraft.csproj", "{A1B2C3D4-E5F6-47A8-B9C0-D1E2F3A4B5C6}"
EndProject
Project("{FAE04EC0-301F-11D3-BF4B-00C04F79EFBC}") = "Nucleus.Shared", "packages\nucleus-shared\Nucleus.Shared.csproj", "{B2C3D4E5-F6A7-48B9-C0D1-E2F3A4B5C6D7}"
EndProject
Project("{2150E333-8FDC-42A3-9474-1A3956D46DE8}") = "tools", "tools", "{07C2787E-EAC7-C090-1BA3-A61EC2A24D84}"
EndProject
Project("{FAE04EC0-301F-11D3-BF4B-00C04F79EFBC}") = "Nucleus.Migrations", "tools\Nucleus.Migrations\Nucleus.Migrations.csproj", "{1854FFF8-3C37-4F13-B432-E848BF17A337}"
EndProject
Global
	GlobalSection(SolutionConfigurationPlatforms) = preSolution
		Debug|Any CPU = Debug|Any CPU
		Release|Any CPU = Release|Any CPU
	EndGlobalSection
	GlobalSection(ProjectConfigurationPlatforms) = postSolution
		{E204FC81-CC60-44F8-B71F-14A0934E86DC}.Debug|Any CPU.ActiveCfg = Debug|Any CPU
		{E204FC81-CC60-44F8-B71F-14A0934E86DC}.Debug|Any CPU.Build.0 = Debug|Any CPU
		{E204FC81-CC60-44F8-B71F-14A0934E86DC}.Release|Any CPU.ActiveCfg = Release|Any CPU
		{E204FC81-CC60-44F8-B71F-14A0934E86DC}.Release|Any CPU.Build.0 = Release|Any CPU
		{A1B2C3D4-E5F6-47A8-B9C0-D1E2F3A4B5C6}.Debug|Any CPU.ActiveCfg = Debug|Any CPU
		{A1B2C3D4-E5F6-47A8-B9C0-D1E2F3A4B5C6}.Debug|Any CPU.Build.0 = Debug|Any CPU
		{A1B2C3D4-E5F6-47A8-B9C0-D1E2F3A4B5C6}.Release|Any CPU.ActiveCfg = Release|Any CPU
		{A1B2C3D4-E5F6-47A8-B9C0-D1E2F3A4B5C6}.Release|Any CPU.Build.0 = Release|Any CPU
		{B2C3D4E5-F6A7-48B9-C0D1-E2F3A4B5C6D7}.Debug|Any CPU.ActiveCfg = Debug|Any CPU
		{B2C3D4E5-F6A7-48B9-C0D1-E2F3A4B5C6D7}.Debug|Any CPU.Build.0 = Debug|Any CPU
		{B2C3D4E5-F6A7-48B9-C0D1-E2F3A4B5C6D7}.Release|Any CPU.ActiveCfg = Release|Any CPU
		{B2C3D4E5-F6A7-48B9-C0D1-E2F3A4B5C6D7}.Release|Any CPU.Build.0 = Release|Any CPU
		{1854FFF8-3C37-4F13-B432-E848BF17A337}.Debug|Any CPU.ActiveCfg = Debug|Any CPU
		{1854FFF8-3C37-4F13-B432-E848BF17A337}.Debug|Any CPU.Build.0 = Debug|Any CPU
		{1854FFF8-3C37-4F13-B432-E848BF17A337}.Release|Any CPU.ActiveCfg = Release|Any CPU
		{1854FFF8-3C37-4F13-B432-E848BF17A337}.Release|Any CPU.Build.0 = Release|Any CPU
	EndGlobalSection
	GlobalSection(SolutionProperties) = preSolution
		HideSolutionNode = FALSE
	EndGlobalSection
	GlobalSection(NestedProjects) = preSolution
		{1854FFF8-3C37-4F13-B432-E848BF17A337} = {07C2787E-EAC7-C090-1BA3-A61EC2A24D84}
	EndGlobalSection
EndGlobal
